{
  "name": "my-js",
  "version": "1.0.0",
  "lockfileVersion": 3,
  "requires": true,
  "packages": {
    "": {
      "name": "my-js",
      "version": "1.0.0",
      "dependencies": {
        "@windowsworldcartoon/codeinspector-extension-handler": "^1.0.0"
      }
    },
    "node_modules/@windowsworldcartoon/codeinspector-extension-handler": {
      "version": "1.0.0",
      "resolved": "https://registry.npmjs.org/@windowsworldcartoon/codeinspector-extension-handler/-/codeinspector-extension-handler-1.0.0.tgz",
      "integrity": "sha512-Rf3Gsi5sF9kb61cLUcOcoaCWN+AP9WJpfjCKeqCR1F68/1KptdprYze7cr+MlU1a/bPoU0DGGmngcVR4FI0y9Q==",
      "license": "MIT"
    }
  }
}
