{
  "name": "my-js",
  "version": "1.0.2",
  "lockfileVersion": 3,
  "requires": true,
  "packages": {
    "": {
      "name": "my-js",
      "version": "1.0.2",
      "dependencies": {
        "@windowsworldcartoon/codeinspector-extension-handler": "1.0.2"
      }
    },
    "node_modules/@windowsworldcartoon/codeinspector-extension-handler": {
      "version": "1.0.2",
      "resolved": "https://registry.npmjs.org/@windowsworldcartoon/codeinspector-extension-handler/-/codeinspector-extension-handler-1.0.2.tgz",
      "integrity": "sha512-h0gXWq8B/W4yJaaUTtnoBArjyC5o0Sse2TEncGtJX4JShvHT+I8As6XycbvKxuSk/zF1dRex9w1x5Mfmu4ydvQ==",
      "license": "MIT"
    }
  }
}
