{
  "name": "my-js",
  "version": "1.0.0",
  "lockfileVersion": 3,
  "requires": true,
  "packages": {
    "": {
      "name": "my-js",
      "version": "1.0.0",
      "dependencies": {
        "@windowsworldcartoon/codeinspector-extension-handler": "1.2.0"
      }
    },
    "node_modules/@windowsworldcartoon/codeinspector-extension-handler": {
      "version": "1.2.0",
      "resolved": "https://registry.npmjs.org/@windowsworldcartoon/codeinspector-extension-handler/-/codeinspector-extension-handler-1.2.0.tgz",
      "integrity": "sha512-mRXijhbZ8BpMLUqTlq9ZfQy/taS6AeHeL9jpFY61q0Ik01E4ow3M8Y2SSleLVhoION2G4rgd6dXoC3ul7gRroA==",
      "license": "MIT"
    }
  }
}
